
Microsoft Visual Studio Solution File, Format Version 12.00
# Visual Studio Version 17
VisualStudioVersion = 17.9.34728.123
MinimumVisualStudioVersion = 10.0.40219.1
Project("{FAE04EC0-301F-11D3-BF4B-00C04F79EFBC}") = "Patterner", "Patterner\Patterner.csproj", "{AAF8BD28-34AA-4DB4-A092-7D26BA24A094}"
EndProject
Global
	GlobalSection(SolutionConfigurationPlatforms) = preSolution
		Debug|Any CPU = Debug|Any CPU
		Release|Any CPU = Release|Any CPU
	EndGlobalSection
	GlobalSection(ProjectConfigurationPlatforms) = postSolution
		{AAF8BD28-34AA-4DB4-A092-7D26BA24A094}.Debug|Any CPU.ActiveCfg = Debug|Any CPU
		{AAF8BD28-34AA-4DB4-A092-7D26BA24A094}.Debug|Any CPU.Build.0 = Debug|Any CPU
		{AAF8BD28-34AA-4DB4-A092-7D26BA24A094}.Release|Any CPU.ActiveCfg = Release|Any CPU
		{AAF8BD28-34AA-4DB4-A092-7D26BA24A094}.Release|Any CPU.Build.0 = Release|Any CPU
	EndGlobalSection
	GlobalSection(SolutionProperties) = preSolution
		HideSolutionNode = FALSE
	EndGlobalSection
	GlobalSection(ExtensibilityGlobals) = postSolution
		SolutionGuid = {38849991-4412-4BFE-A2EA-7F5B15C735D8}
	EndGlobalSection
EndGlobal
